{
    "_meta": {
        "hash": {
            "sha256": "b926371f9d288e685d70bf9135a7de6e68167abcc5aab93dd4efcc1848e8c6d2"
        },
        "pipfile-spec": 6,
        "requires": {
            "python_version": "3.8"
        },
        "sources": [
            {
                "name": "pypi",
                "url": "https://pypi.org/simple",
                "verify_ssl": true
            }
        ]
    },
    "default": {
        "markdown": {
            "hashes": [
                "sha256:90fee683eeabe1a92e149f7ba74e5ccdc81cd397bd6c516d93a8da0ef90b6902",
                "sha256:e4795399163109457d4c5af2183fbe6b60326c17cfdf25ce6e7474c6624f725d"
            ],
            "index": "pypi",
            "version": "==3.2.1"
        },
        "mistletoe": {
            "hashes": [
                "sha256:24d0f18cc5f0381c2cfb8a24ef3de83eb9f7929cb7d0e71ecb164b671d86e6a3",
                "sha256:3e2d31b2fa6231ea2ee46981274ebac8d5e5736e3aad2d1cd449e2c053b7023b"
            ],
            "index": "pypi",
            "version": "==0.7.2"
        },
        "mistune": {
            "hashes": [
                "sha256:59a3429db53c50b5c6bcc8a07f8848cb00d7dc8bdb431a4ab41920d201d4756e",
                "sha256:88a1051873018da288eee8538d476dffe1262495144b33ecb586c4ab266bb8d4"
            ],
            "index": "pypi",
            "version": "==0.8.4"
        }
    },
    "develop": {}
}
